{
  "version": "1.0.0",
  "dependencies": {
    "rocks": {
      "092cfae92b533f27d1a40489c6b6b2947dd73f2fc7621fa8dc89f75cf91885df": {
        "name": "pathlib.nvim",
        "version": "2.2.3-1",
        "pinned": false,
        "opt": false,
        "dependencies": [
          "9e1642247f9208a7e65e1e76461b2adc6f35fe644ce4cdf9f7fa6f5a12c8845e"
        ],
        "constraint": "==2.2.3",
        "binaries": [],
        "source": "luarocks_rockspec+https://luarocks.org/",
        "source_url": {
          "type": "url",
          "url": "https://github.com/pysan3/pathlib.nvim/archive/v2.2.3.zip"
        },
        "hashes": {
          "rockspec": "sha256-kdDMqznWlwP9wIqlzPrZ5qEDp6edhlkaasAcQzWTmmM=",
          "source": "sha256-fNO24tL8wApI8j3rk2mdLf5wbbjlUzsvCxki3n0xRw8="
        }
      },
      "1771fae3f12276d55017ad5cba1438f7f3bdc1df9b1ac11c6617c88a9a30d2c6": {
        "name": "mega.cmdparse",
        "version": "1.2.1-1",
        "pinned": false,
        "opt": false,
        "dependencies": [
          "392c069ca7154cb446b52b0f9c6be33de04e6a6f0a7c9ff762b30c5b9db1bdc7"
        ],
        "constraint": "==1.2.1",
        "binaries": [],
        "source": "luarocks_rockspec+https://luarocks.org/",
        "source_url": {
          "type": "url",
          "url": "https://github.com/ColinKennedy/mega.cmdparse/archive/v1.2.1.zip"
        },
        "hashes": {
          "rockspec": "sha256-Sxv1T9sPpnZMg8iAk0H+xYLkR6mBFKkUd3/k+RW+xpw=",
          "source": "sha256-FHcRXIAgLJRn43SedMlMaTKdHR7ypsaKXr2AKNsBjIk="
        }
      },
      "29ef953dc798556a42eaab47f0b8436044513131e109082f4cbef966f174e149": {
        "name": "lux-lua",
        "version": "0.27.0-2",
        "pinned": false,
        "opt": false,
        "dependencies": [],
        "constraint": "==0.27.0",
        "binaries": [],
        "source": "luarocks_rockspec+https://luarocks.org/",
        "source_url": {
          "type": "url",
          "url": "https://github.com/lumen-oss/lux/archive/refs/tags/v0.27.0.zip"
        },
        "hashes": {
          "rockspec": "sha256-qIA6/XhKNnm9dhBwq0vsbiVX6vN8VGOlF2XqoaKuI/w=",
          "source": "sha256-bH848TYRl5S95w5R4/6YFFtXc5CKJIL8RJUz0GTpIJE="
        }
      },
      "392c069ca7154cb446b52b0f9c6be33de04e6a6f0a7c9ff762b30c5b9db1bdc7": {
        "name": "mega.logging",
        "version": "1.1.6-1",
        "pinned": false,
        "opt": false,
        "dependencies": [],
        "constraint": ">=1.1.1, <2.0",
        "binaries": [],
        "source": "luarocks_rockspec+https://luarocks.org/",
        "source_url": {
          "type": "url",
          "url": "https://github.com/ColinKennedy/mega.logging/archive/v1.1.6.zip"
        },
        "hashes": {
          "rockspec": "sha256-b/UNBHzASov3C1Tp3B43NfCtejHOBc3FjYNZHAndRu0=",
          "source": "sha256-xz8Btm9bYc+VR5jcgdzVSmnhFaVzi7pj6NkoBXd0FFQ="
        }
      },
      "3a7a7cc18fcf23a1d6688eb0bbf3519cd8b34c44ca052cec29a6a3c847c24b77": {
        "name": "rtp.nvim",
        "version": "1.2.0-1",
        "pinned": false,
        "opt": false,
        "dependencies": [],
        "constraint": "==1.2.0",
        "binaries": [],
        "source": "luarocks_rockspec+https://luarocks.org/",
        "source_url": {
          "type": "url",
          "url": "https://github.com/nvim-neorocks/rtp.nvim/archive/v1.2.0.zip"
        },
        "hashes": {
          "rockspec": "sha256-O4KiKEU+och4V0ENJ+ibDDjy4oTkWopQhXrzO6LWSUc=",
          "source": "sha256-yASe4Lny9xbVBPnTspJLa7b/ORH3/zma3IALGK9HDes="
        }
      },
      "4baf7dd39222b80f5cf99d42a7680230347c91800c8eb83782fedc6f9a8dce24": {
        "name": "fidget.nvim",
        "version": "1.6.0-1",
        "pinned": false,
        "opt": false,
        "dependencies": [],
        "constraint": "==1.6.0",
        "binaries": [],
        "source": "luarocks_rockspec+https://luarocks.org/",
        "source_url": {
          "type": "url",
          "url": "https://github.com/j-hui/fidget.nvim/archive/v1.6.0.zip"
        },
        "hashes": {
          "rockspec": "sha256-n2eV/hbtKSbiqtMj0jmC8kVqPTg7Lv7HLV67KHY/Kss=",
          "source": "sha256-k0oo1VHX5UDIkLhB/b2DwhQzXhOINThlMT9TBTLQBqY="
        }
      },
      "4beffe8f19bd92ebd061cfcf0f6fc22aff5a983169781cfc857b21365b619553": {
        "name": "nvim-nio",
        "version": "1.10.1-1",
        "pinned": false,
        "opt": false,
        "dependencies": [],
        "constraint": "==1.10.1",
        "binaries": [],
        "source": "luarocks_rockspec+https://luarocks.org/",
        "source_url": {
          "type": "url",
          "url": "https://github.com/nvim-neotest/nvim-nio/archive/21f5324bfac14e22ba26553caf69ec76ae8a7662.zip"
        },
        "hashes": {
          "rockspec": "sha256-QL5OCZFBGixecdEoriGck4iG83tjM09ewYbWVSbcfa4=",
          "source": "sha256-5x+iHduNdyVjS6+OrqfDh17g9o2tP2YFFqKEsK6Z5zw="
        }
      },
      "9e1642247f9208a7e65e1e76461b2adc6f35fe644ce4cdf9f7fa6f5a12c8845e": {
        "name": "nvim-nio",
        "version": "1.10.1-1",
        "pinned": false,
        "opt": false,
        "dependencies": [],
        "constraint": ">=1.8.0",
        "binaries": [],
        "source": "luarocks_rockspec+https://luarocks.org/",
        "source_url": {
          "type": "url",
          "url": "https://github.com/nvim-neotest/nvim-nio/archive/21f5324bfac14e22ba26553caf69ec76ae8a7662.zip"
        },
        "hashes": {
          "rockspec": "sha256-QL5OCZFBGixecdEoriGck4iG83tjM09ewYbWVSbcfa4=",
          "source": "sha256-5x+iHduNdyVjS6+OrqfDh17g9o2tP2YFFqKEsK6Z5zw="
        }
      },
      "a0de6c001f6dcd1f9cab8829898caff97ce30154497d3c91a10039289ade2ff4": {
        "name": "fallo",
        "version": "2.2.0-1",
        "pinned": false,
        "opt": false,
        "dependencies": [
          "de4d44feb13b9bf2c4b33dbc1d9361a46a51431048b1c303cb04298b7f015192"
        ],
        "constraint": "==2.2.0",
        "binaries": [],
        "source": "luarocks_rockspec+https://luarocks.org/",
        "source_url": {
          "type": "url",
          "url": "https://codeberg.org/amartin/fallo/archive/v2.2.0.zip"
        },
        "hashes": {
          "rockspec": "sha256-XH9sV9n1N7MmTHtkZBu6ExzP2bM6JRPJIzz66R8mOk0=",
          "source": "sha256-sfVE9ngdA5v8x0CHXUiXR+RR8XlKTwkD0UQlx54F+zc="
        }
      },
      "d5ae631affa6aa41efffabcb838f11fc79dd668e93334f0ec6553a44b70570e8": {
        "name": "fzy",
        "version": "1.0.3-1",
        "pinned": false,
        "opt": false,
        "dependencies": [],
        "constraint": "==1.0.3",
        "binaries": [],
        "source": "luarocks_rockspec+https://luarocks.org/",
        "source_url": {
          "type": "url",
          "url": "https://github.com/swarn/fzy-lua/archive/v1.0.3.zip"
        },
        "hashes": {
          "rockspec": "sha256-KlipksW0IeVmVXpGwf3M7nLBL+lYLZdnoWscLZ06oB0=",
          "source": "sha256-doyGLrQajHMHB0c2ZyG+CwjupZ3bYCRaCPEEiCFOuRA="
        }
      },
      "de4d44feb13b9bf2c4b33dbc1d9361a46a51431048b1c303cb04298b7f015192": {
        "name": "lua-cjson",
        "version": "2.1.0-1",
        "pinned": false,
        "opt": false,
        "dependencies": [],
        "constraint": ">=2.1.0",
        "binaries": [
          "lua2json",
          "json2lua"
        ],
        "source": "luarocks_rockspec+https://luarocks.org/",
        "source_url": {
          "type": "url",
          "url": "https://luarocks.org/lua-cjson-2.1.0-1.src.rock"
        },
        "hashes": {
          "rockspec": "sha256-L/6Yon2ek6NnEeifAy3qsnT2cMCB8IdaCgVeu3+1lvs=",
          "source": "sha256-23r4ScVV0aR09yn+Sla1Uw6b57JHSet6fEdKfHIHuXI="
        }
      }
    },
    "entrypoints": [
      "092cfae92b533f27d1a40489c6b6b2947dd73f2fc7621fa8dc89f75cf91885df",
      "1771fae3f12276d55017ad5cba1438f7f3bdc1df9b1ac11c6617c88a9a30d2c6",
      "29ef953dc798556a42eaab47f0b8436044513131e109082f4cbef966f174e149",
      "3a7a7cc18fcf23a1d6688eb0bbf3519cd8b34c44ca052cec29a6a3c847c24b77",
      "4baf7dd39222b80f5cf99d42a7680230347c91800c8eb83782fedc6f9a8dce24",
      "4beffe8f19bd92ebd061cfcf0f6fc22aff5a983169781cfc857b21365b619553",
      "a0de6c001f6dcd1f9cab8829898caff97ce30154497d3c91a10039289ade2ff4",
      "d5ae631affa6aa41efffabcb838f11fc79dd668e93334f0ec6553a44b70570e8"
    ]
  },
  "test_dependencies": {
    "rocks": {
      "01a3c364614bddff7370223a5a9c4580f8e62d144384148444c518ec5367a59b": {
        "name": "mediator_lua",
        "version": "1.1.2-0",
        "pinned": false,
        "opt": false,
        "dependencies": [],
        "constraint": ">=1.1.1",
        "binaries": [],
        "source": "luarocks_rockspec+https://luarocks.org/",
        "source_url": {
          "type": "url",
          "url": "https://github.com/Olivine-Labs/mediator_lua/archive/v1.1.2-0.tar.gz"
        },
        "hashes": {
          "rockspec": "sha256-dR3r7+CqAPqTwK5jcZIgVSiemUiwIx0UMMIUEY/bPzs=",
          "source": "sha256-+vWFn9IIG+Tp5PuIc6LcZffv8/2T1t0U2mX44SP8/5s="
        }
      },
      "14a12ec6080e7e9ec24d84932227f38833732b5d73a32673f63d448c204dc550": {
        "name": "dkjson",
        "version": "2.8-2",
        "pinned": false,
        "opt": false,
        "dependencies": [],
        "constraint": ">=2.1.0",
        "binaries": [],
        "source": "luarocks_rockspec+https://luarocks.org/",
        "source_url": {
          "type": "url",
          "url": "https://dkolf.de/dkjson-lua/dkjson-2.8.tar.gz"
        },
        "hashes": {
          "rockspec": "sha256-x2SxooqaXo4zME2WBwOOtQ76zCV9h2wXrnsS46rbJEM=",
          "source": "sha256-JOjNO+uRwchh63uz+8m9QYu/+a1KpdBHGBYlgjajFTI="
        }
      },
      "287e827f4a088d41bba04af5f61a13614346c16fe8150eb7c4246e67d6fd163e": {
        "name": "lua-term",
        "version": "0.8-1",
        "pinned": false,
        "opt": false,
        "dependencies": [],
        "constraint": ">=0.1",
        "binaries": [],
        "source": "luarocks_rockspec+https://luarocks.org/",
        "source_url": {
          "type": "url",
          "url": "https://github.com/hoelzro/lua-term/archive/0.08.tar.gz"
        },
        "hashes": {
          "rockspec": "sha256-QB/befI0oJBIBdaM+a+zuQT8dTk0f+ZDLQxq1IekSJw=",
          "source": "sha256-j/lPOQ6p2YxzRpk3PKOwzlANZRsqscuNfSM2/Ft5ze0="
        }
      },
      "2bd1c8e4fea66a88aeb65c1c8a3d0efdf188d681d2d47f163b976a771545aac9": {
        "name": "penlight",
        "version": "1.15.0-1",
        "pinned": false,
        "opt": false,
        "dependencies": [
          "611b19eca413e8557258c177563402d31094cde79f82d340f5648d2ac8f3b8a1"
        ],
        "constraint": ">=1.15.0",
        "binaries": [],
        "source": "luarocks_rockspec+https://luarocks.org/",
        "source_url": {
          "type": "git",
          "url": "https://github.com/lunarmodules/penlight.git",
          "ref": "1.15.0"
        },
        "hashes": {
          "rockspec": "sha256-blt3sqlz+76U8RAtPtfvEqw4+VACI90TFHn+fTcQlVQ=",
          "source": "sha256-yEkzr4v8avygFxp+NUvffg2fRxQJWTpRdIvluh/QBpY="
        }
      },
      "455cd98d50c6191a9685cffcda4ce783efbb957934625e134c39f43bd5df6818": {
        "name": "luassert",
        "version": "1.9.0-1",
        "pinned": false,
        "opt": false,
        "dependencies": [
          "4e9592a499c9ced4f8ce366db9db7d9c0dd1424ea8d4c8c16c1550ea3a61a696"
        ],
        "constraint": ">=1.9.0",
        "binaries": [],
        "source": "luarocks_rockspec+https://luarocks.org/",
        "source_url": {
          "type": "git",
          "url": "https://github.com/lunarmodules/luassert.git",
          "ref": "v1.9.0"
        },
        "hashes": {
          "rockspec": "sha256-rTPvF/GK/jMnH/q4wbwTCGBFELWh+JcvHeOCFAbIf64=",
          "source": "sha256-jjdB95Vr5iVsh5T7E84WwZMW6/5H2k2R/ny2VBs2l3I="
        }
      },
      "4e9592a499c9ced4f8ce366db9db7d9c0dd1424ea8d4c8c16c1550ea3a61a696": {
        "name": "say",
        "version": "1.4.1-3",
        "pinned": false,
        "opt": false,
        "dependencies": [],
        "constraint": ">=1.4.0",
        "binaries": [],
        "source": "luarocks_rockspec+https://luarocks.org/",
        "source_url": {
          "type": "git",
          "url": "https://github.com/lunarmodules/say.git",
          "ref": "v1.4.1"
        },
        "hashes": {
          "rockspec": "sha256-WFKt1iWeyjO9A8SG0KUX8tkS9JvMqoVM8CKBUguuK0Y=",
          "source": "sha256-IjNkK1leVtYgbEjUqguVMjbdW+0BHAOCE0pazrVuF50="
        }
      },
      "5abed54457baf9037ff989a1ec78172ee7483d87e794bc9175dbed61f08be72c": {
        "name": "lua_cliargs",
        "version": "3.0.2-1",
        "pinned": false,
        "opt": false,
        "dependencies": [],
        "constraint": ">=3.0",
        "binaries": [
          "watch-tests.sh",
          "release",
          "lint",
          "docs",
          "coverage"
        ],
        "source": "luarocks_rockspec+https://luarocks.org/",
        "source_url": {
          "type": "git",
          "url": "https://github.com/lunarmodules/lua_cliargs.git",
          "ref": "v3.0.2"
        },
        "hashes": {
          "rockspec": "sha256-7qJVHj/KebRkOmK8pxNspNeuXIksdExjKrNhdWOy474=",
          "source": "sha256-wL3qBQ8Lu3q8DK2Kaeo1dgzIHd8evaxFYJg47CcQiSg="
        }
      },
      "611b19eca413e8557258c177563402d31094cde79f82d340f5648d2ac8f3b8a1": {
        "name": "luafilesystem",
        "version": "1.9.0-1",
        "pinned": false,
        "opt": false,
        "dependencies": [],
        "constraint": null,
        "binaries": [],
        "source": "luarocks_rockspec+https://luarocks.org/",
        "source_url": {
          "type": "git",
          "url": "https://github.com/lunarmodules/luafilesystem",
          "ref": "v1_9_0"
        },
        "hashes": {
          "rockspec": "sha256-Mrv7QKI6EAY6jzMrh0VWAZIy5KAem82cDPtCIRji4ck=",
          "source": "sha256-xoNJra/yqxRG11TePcUKrAUU6cwypGnXIoLKZXNaoW0="
        }
      },
      "6ce29c2c535c40246c386c056f24689344cddb56ec397473931431e6b67694d2": {
        "name": "say",
        "version": "1.4.1-3",
        "pinned": false,
        "opt": false,
        "dependencies": [],
        "constraint": ">=1.4",
        "binaries": [],
        "source": "luarocks_rockspec+https://luarocks.org/",
        "source_url": {
          "type": "git",
          "url": "https://github.com/lunarmodules/say.git",
          "ref": "v1.4.1"
        },
        "hashes": {
          "rockspec": "sha256-WFKt1iWeyjO9A8SG0KUX8tkS9JvMqoVM8CKBUguuK0Y=",
          "source": "sha256-IjNkK1leVtYgbEjUqguVMjbdW+0BHAOCE0pazrVuF50="
        }
      },
      "7370b14b0babdebd17c1f10114f1c45c9e69379530bebca47752a8cca877f288": {
        "name": "luasystem",
        "version": "0.7.0-1",
        "pinned": false,
        "opt": false,
        "dependencies": [],
        "constraint": ">=0.2.0",
        "binaries": [],
        "source": "luarocks_rockspec+https://luarocks.org/",
        "source_url": {
          "type": "git",
          "url": "https://github.com/lunarmodules/luasystem.git",
          "ref": "v0.7.0"
        },
        "hashes": {
          "rockspec": "sha256-hWMXwQPjelmAr/6trpHYNajeIirUpxsIcL8LXRJ5oLA=",
          "source": "sha256-/hob/bDP3CQeMZuz29a4XTRzlU7I7O2W/EszJEueq8c="
        }
      },
      "89dfdcdc007420c5dc3ae90f496c7173877cc53b104e90fb0183bebd7ec7f444": {
        "name": "nlua",
        "version": "0.3.2-1",
        "pinned": false,
        "opt": false,
        "dependencies": [],
        "constraint": "==0.3.2",
        "binaries": [
          "nlua"
        ],
        "source": "luarocks_rockspec+https://luarocks.org/",
        "source_url": {
          "type": "url",
          "url": "https://github.com/mfussenegger/nlua/archive/v0.3.2.zip"
        },
        "hashes": {
          "rockspec": "sha256-WPlvpMZ6Ochzw61T+rxOAfh4VPqh3GhXVgfyH/+OyDY=",
          "source": "sha256-Gep+0WGkNPJ/7acaIVfHpi+/wHoUevlly3JRc0G+hBU="
        }
      },
      "aa700d6a934caa749d578927c97e22211ffabf97234705d63e95dc6403f6aafe": {
        "name": "busted",
        "version": "2.3.0-1",
        "pinned": false,
        "opt": false,
        "dependencies": [
          "5abed54457baf9037ff989a1ec78172ee7483d87e794bc9175dbed61f08be72c",
          "7370b14b0babdebd17c1f10114f1c45c9e69379530bebca47752a8cca877f288",
          "14a12ec6080e7e9ec24d84932227f38833732b5d73a32673f63d448c204dc550",
          "6ce29c2c535c40246c386c056f24689344cddb56ec397473931431e6b67694d2",
          "455cd98d50c6191a9685cffcda4ce783efbb957934625e134c39f43bd5df6818",
          "287e827f4a088d41bba04af5f61a13614346c16fe8150eb7c4246e67d6fd163e",
          "2bd1c8e4fea66a88aeb65c1c8a3d0efdf188d681d2d47f163b976a771545aac9",
          "01a3c364614bddff7370223a5a9c4580f8e62d144384148444c518ec5367a59b"
        ],
        "constraint": null,
        "binaries": [
          "busted",
          "busted"
        ],
        "source": "luarocks_rockspec+https://luarocks.org/",
        "source_url": {
          "type": "git",
          "url": "https://github.com/lunarmodules/busted.git",
          "ref": "v2.3.0"
        },
        "hashes": {
          "rockspec": "sha256-JCyIPhIqs8DLMRjnKaaLUFbeqcTc4yYMRd6BPMAMxLU=",
          "source": "sha256-ZSfnbsDiaIo/abVpwb/LV5Ktp5wFSZQNO0OdbnjqVSs="
        }
      }
    },
    "entrypoints": [
      "89dfdcdc007420c5dc3ae90f496c7173877cc53b104e90fb0183bebd7ec7f444",
      "aa700d6a934caa749d578927c97e22211ffabf97234705d63e95dc6403f6aafe"
    ]
  }
}